// !$*UTF8*$!
{
	archiveVersion = 1;
	classes = {
	};
	objectVersion = 48;
	objects = {

/* Begin PBXBuildFile section */
		39A59313A71C4F70FA9B50ED /* Pods_CheckList.framework in Frameworks */ = {isa = PBXBuildFile; fileRef = 77B3AAC3F71819EFBDC7E324 /* Pods_CheckList.framework */; };
		AF4F852420663B9E006433E3 /* CategoryVC.swift in Sources */ = {isa = PBXBuildFile; fileRef = AF4F852320663B9E006433E3 /* CategoryVC.swift */; };
		AF73055F2068EE0700BD38D3 /* Item.swift in Sources */ = {isa = PBXBuildFile; fileRef = AF73055E2068EE0700BD38D3 /* Item.swift */; };
		AF7305612068EECB00BD38D3 /* Category.swift in Sources */ = {isa = PBXBuildFile; fileRef = AF7305602068EECB00BD38D3 /* Category.swift */; };
		AFF0F3E0205D206F0048DA16 /* AppDelegate.swift in Sources */ = {isa = PBXBuildFile; fileRef = AFF0F3DF205D206F0048DA16 /* AppDelegate.swift */; };
		AFF0F3E5205D206F0048DA16 /* Main.storyboard in Resources */ = {isa = PBXBuildFile; fileRef = AFF0F3E3205D206F0048DA16 /* Main.storyboard */; };
		AFF0F3EA205D206F0048DA16 /* Assets.xcassets in Resources */ = {isa = PBXBuildFile; fileRef = AFF0F3E9205D206F0048DA16 /* Assets.xcassets */; };
		AFF0F3ED205D206F0048DA16 /* LaunchScreen.storyboard in Resources */ = {isa = PBXBuildFile; fileRef = AFF0F3EB205D206F0048DA16 /* LaunchScreen.storyboard */; };
		AFF0F3F5205D20AF0048DA16 /* CheckListVC.swift in Sources */ = {isa = PBXBuildFile; fileRef = AFF0F3F4205D20AF0048DA16 /* CheckListVC.swift */; };
		AFF0F3F7205D21F40048DA16 /* CheckCell.xib in Resources */ = {isa = PBXBuildFile; fileRef = AFF0F3F6205D21F40048DA16 /* CheckCell.xib */; };
/* End PBXBuildFile section */

/* Begin PBXFileReference section */
		1402B419FB13727B226693B1 /* Pods-CheckList.debug.xcconfig */ = {isa = PBXFileReference; includeInIndex = 1; lastKnownFileType = text.xcconfig; name = "Pods-CheckList.debug.xcconfig"; path = "Pods/Target Support Files/Pods-CheckList/Pods-CheckList.debug.xcconfig"; sourceTree = "<group>"; };
		77B3AAC3F71819EFBDC7E324 /* Pods_CheckList.framework */ = {isa = PBXFileReference; explicitFileType = wrapper.framework; includeInIndex = 0; path = Pods_CheckList.framework; sourceTree = BUILT_PRODUCTS_DIR; };
		AF4F852320663B9E006433E3 /* CategoryVC.swift */ = {isa = PBXFileReference; lastKnownFileType = sourcecode.swift; path = CategoryVC.swift; sourceTree = "<group>"; };
		AF73055E2068EE0700BD38D3 /* Item.swift */ = {isa = PBXFileReference; lastKnownFileType = sourcecode.swift; path = Item.swift; sourceTree = "<group>"; };
		AF7305602068EECB00BD38D3 /* Category.swift */ = {isa = PBXFileReference; lastKnownFileType = sourcecode.swift; path = Category.swift; sourceTree = "<group>"; };
		AFF0F3DC205D206F0048DA16 /* CheckList.app */ = {isa = PBXFileReference; explicitFileType = wrapper.application; includeInIndex = 0; path = CheckList.app; sourceTree = BUILT_PRODUCTS_DIR; };
		AFF0F3DF205D206F0048DA16 /* AppDelegate.swift */ = {isa = PBXFileReference; lastKnownFileType = sourcecode.swift; path = AppDelegate.swift; sourceTree = "<group>"; };
		AFF0F3E4205D206F0048DA16 /* Base */ = {isa = PBXFileReference; lastKnownFileType = file.storyboard; name = Base; path = Base.lproj/Main.storyboard; sourceTree = "<group>"; };
		AFF0F3E9205D206F0048DA16 /* Assets.xcassets */ = {isa = PBXFileReference; lastKnownFileType = folder.assetcatalog; path = Assets.xcassets; sourceTree = "<group>"; };
		AFF0F3EC205D206F0048DA16 /* Base */ = {isa = PBXFileReference; lastKnownFileType = file.storyboard; name = Base; path = Base.lproj/LaunchScreen.storyboard; sourceTree = "<group>"; };
		AFF0F3EE205D206F0048DA16 /* Info.plist */ = {isa = PBXFileReference; lastKnownFileType = text.plist.xml; name = Info.plist; path = CheckList/Info.plist; sourceTree = "<group>"; };
		AFF0F3F4205D20AF0048DA16 /* CheckListVC.swift */ = {isa = PBXFileReference; lastKnownFileType = sourcecode.swift; path = CheckListVC.swift; sourceTree = "<group>"; };
		AFF0F3F6205D21F40048DA16 /* CheckCell.xib */ = {isa = PBXFileReference; lastKnownFileType = file.xib; path = CheckCell.xib; sourceTree = "<group>"; };
		D2C7D15D0A42F41959A64B77 /* Pods-CheckList.release.xcconfig */ = {isa = PBXFileReference; includeInIndex = 1; lastKnownFileType = text.xcconfig; name = "Pods-CheckList.release.xcconfig"; path = "Pods/Target Support Files/Pods-CheckList/Pods-CheckList.release.xcconfig"; sourceTree = "<group>"; };
/* End PBXFileReference section */

/* Begin PBXFrameworksBuildPhase section */
		AFF0F3D9205D206F0048DA16 /* Frameworks */ = {
			isa = PBXFrameworksBuildPhase;
			buildActionMask = 2147483647;
			files = (
				39A59313A71C4F70FA9B50ED /* Pods_CheckList.framework in Frameworks */,
			);
			runOnlyForDeploymentPostprocessing = 0;
		};
/* End PBXFrameworksBuildPhase section */

/* Begin PBXGroup section */
		25CDF1BC0AE106296D048268 /* Pods */ = {
			isa = PBXGroup;
			children = (
				1402B419FB13727B226693B1 /* Pods-CheckList.debug.xcconfig */,
				D2C7D15D0A42F41959A64B77 /* Pods-CheckList.release.xcconfig */,
			);
			name = Pods;
			sourceTree = "<group>";
		};
		619A8FAF07A1D2806AA42677 /* Frameworks */ = {
			isa = PBXGroup;
			children = (
				77B3AAC3F71819EFBDC7E324 /* Pods_CheckList.framework */,
			);
			name = Frameworks;
			sourceTree = "<group>";
		};
		AF9271F0205DD89C00B64B2A /* Supporting Files */ = {
			isa = PBXGroup;
			children = (
				AFF0F3E9205D206F0048DA16 /* Assets.xcassets */,
				AFF0F3EB205D206F0048DA16 /* LaunchScreen.storyboard */,
			);
			path = "Supporting Files";
			sourceTree = "<group>";
		};
		AF9271F1205DD8B200B64B2A /* Views */ = {
			isa = PBXGroup;
			children = (
				AFF0F3E3205D206F0048DA16 /* Main.storyboard */,
				AFF0F3F6205D21F40048DA16 /* CheckCell.xib */,
			);
			path = Views;
			sourceTree = "<group>";
		};
		AF9271F2205DD8BA00B64B2A /* Controller */ = {
			isa = PBXGroup;
			children = (
				AFF0F3F4205D20AF0048DA16 /* CheckListVC.swift */,
				AF4F852320663B9E006433E3 /* CategoryVC.swift */,
			);
			path = Controller;
			sourceTree = "<group>";
		};
		AF9271F4205DD8E900B64B2A /* Data Model */ = {
			isa = PBXGroup;
			children = (
				AF73055E2068EE0700BD38D3 /* Item.swift */,
				AF7305602068EECB00BD38D3 /* Category.swift */,
			);
			path = "Data Model";
			sourceTree = "<group>";
		};
		AFF0F3D3205D206F0048DA16 = {
			isa = PBXGroup;
			children = (
				AFF0F3DE205D206F0048DA16 /* CheckList */,
				AFF0F3EE205D206F0048DA16 /* Info.plist */,
				AFF0F3DD205D206F0048DA16 /* Products */,
				25CDF1BC0AE106296D048268 /* Pods */,
				619A8FAF07A1D2806AA42677 /* Frameworks */,
			);
			sourceTree = "<group>";
		};
		AFF0F3DD205D206F0048DA16 /* Products */ = {
			isa = PBXGroup;
			children = (
				AFF0F3DC205D206F0048DA16 /* CheckList.app */,
			);
			name = Products;
			sourceTree = "<group>";
		};
		AFF0F3DE205D206F0048DA16 /* CheckList */ = {
			isa = PBXGroup;
			children = (
				AFF0F3DF205D206F0048DA16 /* AppDelegate.swift */,
				AF9271F1205DD8B200B64B2A /* Views */,
				AF9271F4205DD8E900B64B2A /* Data Model */,
				AF9271F2205DD8BA00B64B2A /* Controller */,
				AF9271F0205DD89C00B64B2A /* Supporting Files */,
			);
			path = CheckList;
			sourceTree = "<group>";
		};
/* End PBXGroup section */

/* Begin PBXNativeTarget section */
		AFF0F3DB205D206F0048DA16 /* CheckList */ = {
			isa = PBXNativeTarget;
			buildConfigurationList = AFF0F3F1205D206F0048DA16 /* Build configuration list for PBXNativeTarget "CheckList" */;
			buildPhases = (
				2612A29F2175C9AD3BE5687C /* [CP] Check Pods Manifest.lock */,
				AFF0F3D8205D206F0048DA16 /* Sources */,
				AFF0F3D9205D206F0048DA16 /* Frameworks */,
				AFF0F3DA205D206F0048DA16 /* Resources */,
				04D0DDE3196A9983DD009DD8 /* [CP] Embed Pods Frameworks */,
				045E62C01B20649DC330DD62 /* [CP] Copy Pods Resources */,
			);
			buildRules = (
			);
			dependencies = (
			);
			name = CheckList;
			productName = CheckList;
			productReference = AFF0F3DC205D206F0048DA16 /* CheckList.app */;
			productType = "com.apple.product-type.application";
		};
/* End PBXNativeTarget section */

/* Begin PBXProject section */
		AFF0F3D4205D206F0048DA16 /* Project object */ = {
			isa = PBXProject;
			attributes = {
				LastSwiftUpdateCheck = 0920;
				LastUpgradeCheck = 0920;
				ORGANIZATIONNAME = Fruit;
				TargetAttributes = {
					AFF0F3DB205D206F0048DA16 = {
						CreatedOnToolsVersion = 9.2;
						ProvisioningStyle = Automatic;
					};
				};
			};
			buildConfigurationList = AFF0F3D7205D206F0048DA16 /* Build configuration list for PBXProject "CheckList" */;
			compatibilityVersion = "Xcode 8.0";
			developmentRegion = en;
			hasScannedForEncodings = 0;
			knownRegions = (
				en,
				Base,
			);
			mainGroup = AFF0F3D3205D206F0048DA16;
			productRefGroup = AFF0F3DD205D206F0048DA16 /* Products */;
			projectDirPath = "";
			projectRoot = "";
			targets = (
				AFF0F3DB205D206F0048DA16 /* CheckList */,
			);
		};
/* End PBXProject section */

/* Begin PBXResourcesBuildPhase section */
		AFF0F3DA205D206F0048DA16 /* Resources */ = {
			isa = PBXResourcesBuildPhase;
			buildActionMask = 2147483647;
			files = (
				AFF0F3F7205D21F40048DA16 /* CheckCell.xib in Resources */,
				AFF0F3ED205D206F0048DA16 /* LaunchScreen.storyboard in Resources */,
				AFF0F3EA205D206F0048DA16 /* Assets.xcassets in Resources */,
				AFF0F3E5205D206F0048DA16 /* Main.storyboard in Resources */,
			);
			runOnlyForDeploymentPostprocessing = 0;
		};
/* End PBXResourcesBuildPhase section */

/* Begin PBXShellScriptBuildPhase section */
		045E62C01B20649DC330DD62 /* [CP] Copy Pods Resources */ = {
			isa = PBXShellScriptBuildPhase;
			buildActionMask = 2147483647;
			files = (
			);
			inputPaths = (
			);
			name = "[CP] Copy Pods Resources";
			outputPaths = (
			);
			runOnlyForDeploymentPostprocessing = 0;
			shellPath = /bin/sh;
			shellScript = "\"${SRCROOT}/Pods/Target Support Files/Pods-CheckList/Pods-CheckList-resources.sh\"\n";
			showEnvVarsInLog = 0;
		};
		04D0DDE3196A9983DD009DD8 /* [CP] Embed Pods Frameworks */ = {
			isa = PBXShellScriptBuildPhase;
			buildActionMask = 2147483647;
			files = (
			);
			inputPaths = (
				"${SRCROOT}/Pods/Target Support Files/Pods-CheckList/Pods-CheckList-frameworks.sh",
				"${BUILT_PRODUCTS_DIR}/Realm/Realm.framework",
				"${BUILT_PRODUCTS_DIR}/RealmSwift/RealmSwift.framework",
			);
			name = "[CP] Embed Pods Frameworks";
			outputPaths = (
				"${TARGET_BUILD_DIR}/${FRAMEWORKS_FOLDER_PATH}/Realm.framework",
				"${TARGET_BUILD_DIR}/${FRAMEWORKS_FOLDER_PATH}/RealmSwift.framework",
			);
			runOnlyForDeploymentPostprocessing = 0;
			shellPath = /bin/sh;
			shellScript = "\"${SRCROOT}/Pods/Target Support Files/Pods-CheckList/Pods-CheckList-frameworks.sh\"\n";
			showEnvVarsInLog = 0;
		};
		2612A29F2175C9AD3BE5687C /* [CP] Check Pods Manifest.lock */ = {
			isa = PBXShellScriptBuildPhase;
			buildActionMask = 2147483647;
			files = (
			);
			inputPaths = (
				"${PODS_PODFILE_DIR_PATH}/Podfile.lock",
				"${PODS_ROOT}/Manifest.lock",
			);
			name = "[CP] Check Pods Manifest.lock";
			outputPaths = (
				"$(DERIVED_FILE_DIR)/Pods-CheckList-checkManifestLockResult.txt",
			);
			runOnlyForDeploymentPostprocessing = 0;
			shellPath = /bin/sh;
			shellScript = "diff \"${PODS_PODFILE_DIR_PATH}/Podfile.lock\" \"${PODS_ROOT}/Manifest.lock\" > /dev/null\nif [ $? != 0 ] ; then\n    # print error to STDERR\n    echo \"error: The sandbox is not in sync with the Podfile.lock. Run 'pod install' or update your CocoaPods installation.\" >&2\n    exit 1\nfi\n# This output is used by Xcode 'outputs' to avoid re-running this script phase.\necho \"SUCCESS\" > \"${SCRIPT_OUTPUT_FILE_0}\"\n";
			showEnvVarsInLog = 0;
		};
/* End PBXShellScriptBuildPhase section */

/* Begin PBXSourcesBuildPhase section */
		AFF0F3D8205D206F0048DA16 /* Sources */ = {
			isa = PBXSourcesBuildPhase;
			buildActionMask = 2147483647;
			files = (
				AFF0F3E0205D206F0048DA16 /* AppDelegate.swift in Sources */,
				AF4F852420663B9E006433E3 /* CategoryVC.swift in Sources */,
				AF73055F2068EE0700BD38D3 /* Item.swift in Sources */,
				AFF0F3F5205D20AF0048DA16 /* CheckListVC.swift in Sources */,
				AF7305612068EECB00BD38D3 /* Category.swift in Sources */,
			);
			runOnlyForDeploymentPostprocessing = 0;
		};
/* End PBXSourcesBuildPhase section */

/* Begin PBXVariantGroup section */
		AFF0F3E3205D206F0048DA16 /* Main.storyboard */ = {
			isa = PBXVariantGroup;
			children = (
				AFF0F3E4205D206F0048DA16 /* Base */,
			);
			name = Main.storyboard;
			sourceTree = "<group>";
		};
		AFF0F3EB205D206F0048DA16 /* LaunchScreen.storyboard */ = {
			isa = PBXVariantGroup;
			children = (
				AFF0F3EC205D206F0048DA16 /* Base */,
			);
			name = LaunchScreen.storyboard;
			sourceTree = "<group>";
		};
/* End PBXVariantGroup section */

/* Begin XCBuildConfiguration section */
		AFF0F3EF205D206F0048DA16 /* Debug */ = {
			isa = XCBuildConfiguration;
			buildSettings = {
				ALWAYS_SEARCH_USER_PATHS = NO;
				CLANG_ANALYZER_NONNULL = YES;
				CLANG_ANALYZER_NUMBER_OBJECT_CONVERSION = YES_AGGRESSIVE;
				CLANG_CXX_LANGUAGE_STANDARD = "gnu++14";
				CLANG_CXX_LIBRARY = "libc++";
				CLANG_ENABLE_MODULES = YES;
				CLANG_ENABLE_OBJC_ARC = YES;
				CLANG_WARN_BLOCK_CAPTURE_AUTORELEASING = YES;
				CLANG_WARN_BOOL_CONVERSION = YES;
				CLANG_WARN_COMMA = YES;
				CLANG_WARN_CONSTANT_CONVERSION = YES;
				CLANG_WARN_DIRECT_OBJC_ISA_USAGE = YES_ERROR;
				CLANG_WARN_DOCUMENTATION_COMMENTS = YES;
				CLANG_WARN_EMPTY_BODY = YES;
				CLANG_WARN_ENUM_CONVERSION = YES;
				CLANG_WARN_INFINITE_RECURSION = YES;
				CLANG_WARN_INT_CONVERSION = YES;
				CLANG_WARN_NON_LITERAL_NULL_CONVERSION = YES;
				CLANG_WARN_OBJC_LITERAL_CONVERSION = YES;
				CLANG_WARN_OBJC_ROOT_CLASS = YES_ERROR;
				CLANG_WARN_RANGE_LOOP_ANALYSIS = YES;
				CLANG_WARN_STRICT_PROTOTYPES = YES;
				CLANG_WARN_SUSPICIOUS_MOVE = YES;
				CLANG_WARN_UNGUARDED_AVAILABILITY = YES_AGGRESSIVE;
				CLANG_WARN_UNREACHABLE_CODE = YES;
				CLANG_WARN__DUPLICATE_METHOD_MATCH = YES;
				CODE_SIGN_IDENTITY = "iPhone Developer";
				COPY_PHASE_STRIP = NO;
				DEBUG_INFORMATION_FORMAT = dwarf;
				ENABLE_STRICT_OBJC_MSGSEND = YES;
				ENABLE_TESTABILITY = YES;
				GCC_C_LANGUAGE_STANDARD = gnu11;
				GCC_DYNAMIC_NO_PIC = NO;
				GCC_NO_COMMON_BLOCKS = YES;
				GCC_OPTIMIZATION_LEVEL = 0;
				GCC_PREPROCESSOR_DEFINITIONS = (
					"DEBUG=1",
					"$(inherited)",
				);
				GCC_WARN_64_TO_32_BIT_CONVERSION = YES;
				GCC_WARN_ABOUT_RETURN_TYPE = YES_ERROR;
				GCC_WARN_UNDECLARED_SELECTOR = YES;
				GCC_WARN_UNINITIALIZED_AUTOS = YES_AGGRESSIVE;
				GCC_WARN_UNUSED_FUNCTION = YES;
				GCC_WARN_UNUSED_VARIABLE = YES;
				IPHONEOS_DEPLOYMENT_TARGET = 11.2;
				MTL_ENABLE_DEBUG_INFO = YES;
				ONLY_ACTIVE_ARCH = YES;
				SDKROOT = iphoneos;
				SWIFT_ACTIVE_COMPILATION_CONDITIONS = DEBUG;
				SWIFT_OPTIMIZATION_LEVEL = "-Onone";
			};
			name = Debug;
		};
		AFF0F3F0205D206F0048DA16 /* Release */ = {
			isa = XCBuildConfiguration;
			buildSettings = {
				ALWAYS_SEARCH_USER_PATHS = NO;
				CLANG_ANALYZER_NONNULL = YES;
				CLANG_ANALYZER_NUMBER_OBJECT_CONVERSION = YES_AGGRESSIVE;
				CLANG_CXX_LANGUAGE_STANDARD = "gnu++14";
				CLANG_CXX_LIBRARY = "libc++";
				CLANG_ENABLE_MODULES = YES;
				CLANG_ENABLE_OBJC_ARC = YES;
				CLANG_WARN_BLOCK_CAPTURE_AUTORELEASING = YES;
				CLANG_WARN_BOOL_CONVERSION = YES;
				CLANG_WARN_COMMA = YES;
				CLANG_WARN_CONSTANT_CONVERSION = YES;
				CLANG_WARN_DIRECT_OBJC_ISA_USAGE = YES_ERROR;
				CLANG_WARN_DOCUMENTATION_COMMENTS = YES;
				CLANG_WARN_EMPTY_BODY = YES;
				CLANG_WARN_ENUM_CONVERSION = YES;
				CLANG_WARN_INFINITE_RECURSION = YES;
				CLANG_WARN_INT_CONVERSION = YES;
				CLANG_WARN_NON_LITERAL_NULL_CONVERSION = YES;
				CLANG_WARN_OBJC_LITERAL_CONVERSION = YES;
				CLANG_WARN_OBJC_ROOT_CLASS = YES_ERROR;
				CLANG_WARN_RANGE_LOOP_ANALYSIS = YES;
				CLANG_WARN_STRICT_PROTOTYPES = YES;
				CLANG_WARN_SUSPICIOUS_MOVE = YES;
				CLANG_WARN_UNGUARDED_AVAILABILITY = YES_AGGRESSIVE;
				CLANG_WARN_UNREACHABLE_CODE = YES;
				CLANG_WARN__DUPLICATE_METHOD_MATCH = YES;
				CODE_SIGN_IDENTITY = "iPhone Developer";
				COPY_PHASE_STRIP = NO;
				DEBUG_INFORMATION_FORMAT = "dwarf-with-dsym";
				ENABLE_NS_ASSERTIONS = NO;
				ENABLE_STRICT_OBJC_MSGSEND = YES;
				GCC_C_LANGUAGE_STANDARD = gnu11;
				GCC_NO_COMMON_BLOCKS = YES;
				GCC_WARN_64_TO_32_BIT_CONVERSION = YES;
				GCC_WARN_ABOUT_RETURN_TYPE = YES_ERROR;
				GCC_WARN_UNDECLARED_SELECTOR = YES;
				GCC_WARN_UNINITIALIZED_AUTOS = YES_AGGRESSIVE;
				GCC_WARN_UNUSED_FUNCTION = YES;
				GCC_WARN_UNUSED_VARIABLE = YES;
				IPHONEOS_DEPLOYMENT_TARGET = 11.2;
				MTL_ENABLE_DEBUG_INFO = NO;
				SDKROOT = iphoneos;
				SWIFT_OPTIMIZATION_LEVEL = "-Owholemodule";
				VALIDATE_PRODUCT = YES;
			};
			name = Release;
		};
		AFF0F3F2205D206F0048DA16 /* Debug */ = {
			isa = XCBuildConfiguration;
			baseConfigurationReference = 1402B419FB13727B226693B1 /* Pods-CheckList.debug.xcconfig */;
			buildSettings = {
				ASSETCATALOG_COMPILER_APPICON_NAME = AppIcon;
				CODE_SIGN_STYLE = Automatic;
				DEVELOPMENT_TEAM = 437WSAAS8K;
				INFOPLIST_FILE = CheckList/Info.plist;
				LD_RUNPATH_SEARCH_PATHS = "$(inherited) @executable_path/Frameworks";
				PRODUCT_BUNDLE_IDENTIFIER = Fruit.CheckList;
				PRODUCT_NAME = "$(TARGET_NAME)";
				SWIFT_VERSION = 4.0;
				TARGETED_DEVICE_FAMILY = "1,2";
			};
			name = Debug;
		};
		AFF0F3F3205D206F0048DA16 /* Release */ = {
			isa = XCBuildConfiguration;
			baseConfigurationReference = D2C7D15D0A42F41959A64B77 /* Pods-CheckList.release.xcconfig */;
			buildSettings = {
				ASSETCATALOG_COMPILER_APPICON_NAME = AppIcon;
				CODE_SIGN_STYLE = Automatic;
				DEVELOPMENT_TEAM = 437WSAAS8K;
				INFOPLIST_FILE = CheckList/Info.plist;
				LD_RUNPATH_SEARCH_PATHS = "$(inherited) @executable_path/Frameworks";
				PRODUCT_BUNDLE_IDENTIFIER = Fruit.CheckList;
				PRODUCT_NAME = "$(TARGET_NAME)";
				SWIFT_VERSION = 4.0;
				TARGETED_DEVICE_FAMILY = "1,2";
			};
			name = Release;
		};
/* End XCBuildConfiguration section */

/* Begin XCConfigurationList section */
		AFF0F3D7205D206F0048DA16 /* Build configuration list for PBXProject "CheckList" */ = {
			isa = XCConfigurationList;
			buildConfigurations = (
				AFF0F3EF205D206F0048DA16 /* Debug */,
				AFF0F3F0205D206F0048DA16 /* Release */,
			);
			defaultConfigurationIsVisible = 0;
			defaultConfigurationName = Release;
		};
		AFF0F3F1205D206F0048DA16 /* Build configuration list for PBXNativeTarget "CheckList" */ = {
			isa = XCConfigurationList;
			buildConfigurations = (
				AFF0F3F2205D206F0048DA16 /* Debug */,
				AFF0F3F3205D206F0048DA16 /* Release */,
			);
			defaultConfigurationIsVisible = 0;
			defaultConfigurationName = Release;
		};
/* End XCConfigurationList section */
	};
	rootObject = AFF0F3D4205D206F0048DA16 /* Project object */;
}
